
Microsoft Visual Studio Solution File, Format Version 12.00
# Visual Studio Version 16
VisualStudioVersion = 16.0.34729.46
MinimumVisualStudioVersion = 10.0.40219.1
Project("{FAE04EC0-301F-11D3-BF4B-00C04F79EFBC}") = "Cantina", "Cantina\Cantina.csproj", "{3B6A1568-4D46-4EBA-8BC6-5AC71D4E2416}"
EndProject
Global
	GlobalSection(SolutionConfigurationPlatforms) = preSolution
		Debug|Any CPU = Debug|Any CPU
		Release|Any CPU = Release|Any CPU
	EndGlobalSection
	GlobalSection(ProjectConfigurationPlatforms) = postSolution
		{3B6A1568-4D46-4EBA-8BC6-5AC71D4E2416}.Debug|Any CPU.ActiveCfg = Debug|Any CPU
		{3B6A1568-4D46-4EBA-8BC6-5AC71D4E2416}.Debug|Any CPU.Build.0 = Debug|Any CPU
		{3B6A1568-4D46-4EBA-8BC6-5AC71D4E2416}.Release|Any CPU.ActiveCfg = Release|Any CPU
		{3B6A1568-4D46-4EBA-8BC6-5AC71D4E2416}.Release|Any CPU.Build.0 = Release|Any CPU
	EndGlobalSection
	GlobalSection(SolutionProperties) = preSolution
		HideSolutionNode = FALSE
	EndGlobalSection
	GlobalSection(ExtensibilityGlobals) = postSolution
		SolutionGuid = {64A4D561-2ECF-4644-9548-714A54D71609}
	EndGlobalSection
EndGlobal
